
Microsoft Visual Studio Solution File, Format Version 12.00
# Visual Studio Version 17
VisualStudioVersion = 17.14.36518.9 d17.14
MinimumVisualStudioVersion = 10.0.40219.1
Project("{8BC9CEB8-8B4A-11D0-8D11-00A0C91BC942}") = "Decorator_app", "Decorator_app.vcxproj", "{819FA122-1426-47EB-BB19-6FDF7C1A1FAF}"
EndProject
Global
	GlobalSection(SolutionConfigurationPlatforms) = preSolution
		Debug|x64 = Debug|x64
		Debug|x86 = Debug|x86
		Release|x64 = Release|x64
		Release|x86 = Release|x86
	EndGlobalSection
	GlobalSection(ProjectConfigurationPlatforms) = postSolution
		{819FA122-1426-47EB-BB19-6FDF7C1A1FAF}.Debug|x64.ActiveCfg = Debug|x64
		{819FA122-1426-47EB-BB19-6FDF7C1A1FAF}.Debug|x64.Build.0 = Debug|x64
		{819FA122-1426-47EB-BB19-6FDF7C1A1FAF}.Debug|x86.ActiveCfg = Debug|Win32
		{819FA122-1426-47EB-BB19-6FDF7C1A1FAF}.Debug|x86.Build.0 = Debug|Win32
		{819FA122-1426-47EB-BB19-6FDF7C1A1FAF}.Release|x64.ActiveCfg = Release|x64
		{819FA122-1426-47EB-BB19-6FDF7C1A1FAF}.Release|x64.Build.0 = Release|x64
		{819FA122-1426-47EB-BB19-6FDF7C1A1FAF}.Release|x86.ActiveCfg = Release|Win32
		{819FA122-1426-47EB-BB19-6FDF7C1A1FAF}.Release|x86.Build.0 = Release|Win32
	EndGlobalSection
	GlobalSection(SolutionProperties) = preSolution
		HideSolutionNode = FALSE
	EndGlobalSection
	GlobalSection(ExtensibilityGlobals) = postSolution
		SolutionGuid = {44C94BA0-598B-4418-8CF8-73FD8E107090}
	EndGlobalSection
EndGlobal
